
Microsoft Visual Studio Solution File, Format Version 12.00
# Visual Studio Version 17
VisualStudioVersion = 17.14.36221.1
MinimumVisualStudioVersion = 10.0.40219.1
Project("{FAE04EC0-301F-11D3-BF4B-00C04F79EFBC}") = "catalogo-jogos", "catalogo-jogos.csproj", "{3A69ABE2-B76A-4CF5-B172-FFB691042072}"
EndProject
Global
	GlobalSection(SolutionConfigurationPlatforms) = preSolution
		Debug|Any CPU = Debug|Any CPU
		Release|Any CPU = Release|Any CPU
	EndGlobalSection
	GlobalSection(ProjectConfigurationPlatforms) = postSolution
		{3A69ABE2-B76A-4CF5-B172-FFB691042072}.Debug|Any CPU.ActiveCfg = Debug|Any CPU
		{3A69ABE2-B76A-4CF5-B172-FFB691042072}.Debug|Any CPU.Build.0 = Debug|Any CPU
		{3A69ABE2-B76A-4CF5-B172-FFB691042072}.Release|Any CPU.ActiveCfg = Release|Any CPU
		{3A69ABE2-B76A-4CF5-B172-FFB691042072}.Release|Any CPU.Build.0 = Release|Any CPU
	EndGlobalSection
	GlobalSection(SolutionProperties) = preSolution
		HideSolutionNode = FALSE
	EndGlobalSection
	GlobalSection(ExtensibilityGlobals) = postSolution
		SolutionGuid = {FE03F787-90FE-4656-B909-F14C2C23A40D}
	EndGlobalSection
EndGlobal
